// !$*UTF8*$!
{
	archiveVersion = 1;
	classes = {
	};
	objectVersion = 55;
	objects = {

/* Begin PBXBuildFile section */
		295C45EE28A7B355000249E2 /* HomeViewModel.swift in Sources */ = {isa = PBXBuildFile; fileRef = 295C45ED28A7B355000249E2 /* HomeViewModel.swift */; };
		29699FCE28A7B05D00A5BEE2 /* RecipeModel.swift in Sources */ = {isa = PBXBuildFile; fileRef = 29699FCD28A7B05D00A5BEE2 /* RecipeModel.swift */; };
		29699FD328A7B14100A5BEE2 /* HomeVC.swift in Sources */ = {isa = PBXBuildFile; fileRef = 29699FD128A7B14100A5BEE2 /* HomeVC.swift */; };
		29699FD428A7B14100A5BEE2 /* HomeVC.xib in Resources */ = {isa = PBXBuildFile; fileRef = 29699FD228A7B14100A5BEE2 /* HomeVC.xib */; };
		29EADA9C28A7C0BD0075AA06 /* HomeListTVCell.swift in Sources */ = {isa = PBXBuildFile; fileRef = 29EADA9A28A7C0BD0075AA06 /* HomeListTVCell.swift */; };
		29EADA9D28A7C0BD0075AA06 /* HomeListTVCell.xib in Resources */ = {isa = PBXBuildFile; fileRef = 29EADA9B28A7C0BD0075AA06 /* HomeListTVCell.xib */; };
		AB4A5A4D28A23BB6007ACD6C /* AppDelegate.swift in Sources */ = {isa = PBXBuildFile; fileRef = AB4A5A4C28A23BB6007ACD6C /* AppDelegate.swift */; };
		AB4A5A4F28A23BB6007ACD6C /* SceneDelegate.swift in Sources */ = {isa = PBXBuildFile; fileRef = AB4A5A4E28A23BB6007ACD6C /* SceneDelegate.swift */; };
		AB4A5A5628A23BB7007ACD6C /* Assets.xcassets in Resources */ = {isa = PBXBuildFile; fileRef = AB4A5A5528A23BB7007ACD6C /* Assets.xcassets */; };
		AB4A5A5928A23BB7007ACD6C /* LaunchScreen.storyboard in Resources */ = {isa = PBXBuildFile; fileRef = AB4A5A5728A23BB7007ACD6C /* LaunchScreen.storyboard */; };
/* End PBXBuildFile section */

/* Begin PBXFileReference section */
		295C45ED28A7B355000249E2 /* HomeViewModel.swift */ = {isa = PBXFileReference; lastKnownFileType = sourcecode.swift; path = HomeViewModel.swift; sourceTree = "<group>"; };
		29699FCD28A7B05D00A5BEE2 /* RecipeModel.swift */ = {isa = PBXFileReference; lastKnownFileType = sourcecode.swift; path = RecipeModel.swift; sourceTree = "<group>"; };
		29699FD128A7B14100A5BEE2 /* HomeVC.swift */ = {isa = PBXFileReference; lastKnownFileType = sourcecode.swift; path = HomeVC.swift; sourceTree = "<group>"; };
		29699FD228A7B14100A5BEE2 /* HomeVC.xib */ = {isa = PBXFileReference; lastKnownFileType = file.xib; path = HomeVC.xib; sourceTree = "<group>"; };
		29EADA9A28A7C0BD0075AA06 /* HomeListTVCell.swift */ = {isa = PBXFileReference; lastKnownFileType = sourcecode.swift; path = HomeListTVCell.swift; sourceTree = "<group>"; };
		29EADA9B28A7C0BD0075AA06 /* HomeListTVCell.xib */ = {isa = PBXFileReference; lastKnownFileType = file.xib; path = HomeListTVCell.xib; sourceTree = "<group>"; };
		AB4A5A4928A23BB6007ACD6C /* Recipe.app */ = {isa = PBXFileReference; explicitFileType = wrapper.application; includeInIndex = 0; path = Recipe.app; sourceTree = BUILT_PRODUCTS_DIR; };
		AB4A5A4C28A23BB6007ACD6C /* AppDelegate.swift */ = {isa = PBXFileReference; lastKnownFileType = sourcecode.swift; path = AppDelegate.swift; sourceTree = "<group>"; };
		AB4A5A4E28A23BB6007ACD6C /* SceneDelegate.swift */ = {isa = PBXFileReference; lastKnownFileType = sourcecode.swift; path = SceneDelegate.swift; sourceTree = "<group>"; };
		AB4A5A5528A23BB7007ACD6C /* Assets.xcassets */ = {isa = PBXFileReference; lastKnownFileType = folder.assetcatalog; path = Assets.xcassets; sourceTree = "<group>"; };
		AB4A5A5828A23BB7007ACD6C /* Base */ = {isa = PBXFileReference; lastKnownFileType = file.storyboard; name = Base; path = Base.lproj/LaunchScreen.storyboard; sourceTree = "<group>"; };
		AB4A5A5A28A23BB7007ACD6C /* Info.plist */ = {isa = PBXFileReference; lastKnownFileType = text.plist.xml; path = Info.plist; sourceTree = "<group>"; };
/* End PBXFileReference section */

/* Begin PBXFrameworksBuildPhase section */
		AB4A5A4628A23BB6007ACD6C /* Frameworks */ = {
			isa = PBXFrameworksBuildPhase;
			buildActionMask = 2147483647;
			files = (
			);
			runOnlyForDeploymentPostprocessing = 0;
		};
/* End PBXFrameworksBuildPhase section */

/* Begin PBXGroup section */
		29699FC728A7AF3100A5BEE2 /* Extensions */ = {
			isa = PBXGroup;
			children = (
			);
			path = Extensions;
			sourceTree = "<group>";
		};
		29699FC828A7AF4400A5BEE2 /* Pages */ = {
			isa = PBXGroup;
			children = (
				29699FCA28A7AF7B00A5BEE2 /* DetailPage */,
				29699FC928A7AF6D00A5BEE2 /* HomePage */,
			);
			path = Pages;
			sourceTree = "<group>";
		};
		29699FC928A7AF6D00A5BEE2 /* HomePage */ = {
			isa = PBXGroup;
			children = (
				295C45ED28A7B355000249E2 /* HomeViewModel.swift */,
				29699FCB28A7AF9100A5BEE2 /* HomeVC */,
				ABE370E028BE5242001F12CF /* Supporting Files */,
			);
			path = HomePage;
			sourceTree = "<group>";
		};
		29699FCA28A7AF7B00A5BEE2 /* DetailPage */ = {
			isa = PBXGroup;
			children = (
			);
			path = DetailPage;
			sourceTree = "<group>";
		};
		29699FCB28A7AF9100A5BEE2 /* HomeVC */ = {
			isa = PBXGroup;
			children = (
				29EADA9928A7C07C0075AA06 /* Custom Cells */,
				29699FD128A7B14100A5BEE2 /* HomeVC.swift */,
				29699FD228A7B14100A5BEE2 /* HomeVC.xib */,
			);
			path = HomeVC;
			sourceTree = "<group>";
		};
		29699FCC28A7AFB600A5BEE2 /* Models */ = {
			isa = PBXGroup;
			children = (
				29699FCD28A7B05D00A5BEE2 /* RecipeModel.swift */,
			);
			path = Models;
			sourceTree = "<group>";
		};
		29EADA9928A7C07C0075AA06 /* Custom Cells */ = {
			isa = PBXGroup;
			children = (
				29EADA9A28A7C0BD0075AA06 /* HomeListTVCell.swift */,
				29EADA9B28A7C0BD0075AA06 /* HomeListTVCell.xib */,
			);
			path = "Custom Cells";
			sourceTree = "<group>";
		};
		AB4A5A4028A23BB6007ACD6C = {
			isa = PBXGroup;
			children = (
				AB4A5A4B28A23BB6007ACD6C /* Recipe */,
				AB4A5A4A28A23BB6007ACD6C /* Products */,
			);
			sourceTree = "<group>";
		};
		AB4A5A4A28A23BB6007ACD6C /* Products */ = {
			isa = PBXGroup;
			children = (
				AB4A5A4928A23BB6007ACD6C /* Recipe.app */,
			);
			name = Products;
			sourceTree = "<group>";
		};
		AB4A5A4B28A23BB6007ACD6C /* Recipe */ = {
			isa = PBXGroup;
			children = (
				AB4A5A4E28A23BB6007ACD6C /* SceneDelegate.swift */,
				AB4A5A4C28A23BB6007ACD6C /* AppDelegate.swift */,
				29699FC728A7AF3100A5BEE2 /* Extensions */,
				29699FCC28A7AFB600A5BEE2 /* Models */,
				29699FC828A7AF4400A5BEE2 /* Pages */,
				AB4A5A5728A23BB7007ACD6C /* LaunchScreen.storyboard */,
				AB4A5A5A28A23BB7007ACD6C /* Info.plist */,
			);
			path = Recipe;
			sourceTree = "<group>";
		};
		ABE370E028BE5242001F12CF /* Supporting Files */ = {
			isa = PBXGroup;
			children = (
				AB4A5A5528A23BB7007ACD6C /* Assets.xcassets */,
			);
			path = "Supporting Files";
			sourceTree = "<group>";
		};
/* End PBXGroup section */

/* Begin PBXNativeTarget section */
		AB4A5A4828A23BB6007ACD6C /* Recipe */ = {
			isa = PBXNativeTarget;
			buildConfigurationList = AB4A5A5D28A23BB7007ACD6C /* Build configuration list for PBXNativeTarget "Recipe" */;
			buildPhases = (
				AB4A5A4528A23BB6007ACD6C /* Sources */,
				AB4A5A4628A23BB6007ACD6C /* Frameworks */,
				AB4A5A4728A23BB6007ACD6C /* Resources */,
			);
			buildRules = (
			);
			dependencies = (
			);
			name = Recipe;
			productName = Recipe;
			productReference = AB4A5A4928A23BB6007ACD6C /* Recipe.app */;
			productType = "com.apple.product-type.application";
		};
/* End PBXNativeTarget section */

/* Begin PBXProject section */
		AB4A5A4128A23BB6007ACD6C /* Project object */ = {
			isa = PBXProject;
			attributes = {
				BuildIndependentTargetsInParallel = 1;
				LastSwiftUpdateCheck = 1320;
				LastUpgradeCheck = 1320;
				TargetAttributes = {
					AB4A5A4828A23BB6007ACD6C = {
						CreatedOnToolsVersion = 13.2.1;
					};
				};
			};
			buildConfigurationList = AB4A5A4428A23BB6007ACD6C /* Build configuration list for PBXProject "Recipe" */;
			compatibilityVersion = "Xcode 13.0";
			developmentRegion = en;
			hasScannedForEncodings = 0;
			knownRegions = (
				en,
				Base,
			);
			mainGroup = AB4A5A4028A23BB6007ACD6C;
			productRefGroup = AB4A5A4A28A23BB6007ACD6C /* Products */;
			projectDirPath = "";
			projectRoot = "";
			targets = (
				AB4A5A4828A23BB6007ACD6C /* Recipe */,
			);
		};
/* End PBXProject section */

/* Begin PBXResourcesBuildPhase section */
		AB4A5A4728A23BB6007ACD6C /* Resources */ = {
			isa = PBXResourcesBuildPhase;
			buildActionMask = 2147483647;
			files = (
				AB4A5A5928A23BB7007ACD6C /* LaunchScreen.storyboard in Resources */,
				29699FD428A7B14100A5BEE2 /* HomeVC.xib in Resources */,
				29EADA9D28A7C0BD0075AA06 /* HomeListTVCell.xib in Resources */,
				AB4A5A5628A23BB7007ACD6C /* Assets.xcassets in Resources */,
			);
			runOnlyForDeploymentPostprocessing = 0;
		};
/* End PBXResourcesBuildPhase section */

/* Begin PBXSourcesBuildPhase section */
		AB4A5A4528A23BB6007ACD6C /* Sources */ = {
			isa = PBXSourcesBuildPhase;
			buildActionMask = 2147483647;
			files = (
				AB4A5A4D28A23BB6007ACD6C /* AppDelegate.swift in Sources */,
				29699FD328A7B14100A5BEE2 /* HomeVC.swift in Sources */,
				AB4A5A4F28A23BB6007ACD6C /* SceneDelegate.swift in Sources */,
				295C45EE28A7B355000249E2 /* HomeViewModel.swift in Sources */,
				29EADA9C28A7C0BD0075AA06 /* HomeListTVCell.swift in Sources */,
				29699FCE28A7B05D00A5BEE2 /* RecipeModel.swift in Sources */,
			);
			runOnlyForDeploymentPostprocessing = 0;
		};
/* End PBXSourcesBuildPhase section */

/* Begin PBXVariantGroup section */
		AB4A5A5728A23BB7007ACD6C /* LaunchScreen.storyboard */ = {
			isa = PBXVariantGroup;
			children = (
				AB4A5A5828A23BB7007ACD6C /* Base */,
			);
			name = LaunchScreen.storyboard;
			sourceTree = "<group>";
		};
/* End PBXVariantGroup section */

/* Begin XCBuildConfiguration section */
		AB4A5A5B28A23BB7007ACD6C /* Debug */ = {
			isa = XCBuildConfiguration;
			buildSettings = {
				ALWAYS_SEARCH_USER_PATHS = NO;
				CLANG_ANALYZER_NONNULL = YES;
				CLANG_ANALYZER_NUMBER_OBJECT_CONVERSION = YES_AGGRESSIVE;
				CLANG_CXX_LANGUAGE_STANDARD = "gnu++17";
				CLANG_CXX_LIBRARY = "libc++";
				CLANG_ENABLE_MODULES = YES;
				CLANG_ENABLE_OBJC_ARC = YES;
				CLANG_ENABLE_OBJC_WEAK = YES;
				CLANG_WARN_BLOCK_CAPTURE_AUTORELEASING = YES;
				CLANG_WARN_BOOL_CONVERSION = YES;
				CLANG_WARN_COMMA = YES;
				CLANG_WARN_CONSTANT_CONVERSION = YES;
				CLANG_WARN_DEPRECATED_OBJC_IMPLEMENTATIONS = YES;
				CLANG_WARN_DIRECT_OBJC_ISA_USAGE = YES_ERROR;
				CLANG_WARN_DOCUMENTATION_COMMENTS = YES;
				CLANG_WARN_EMPTY_BODY = YES;
				CLANG_WARN_ENUM_CONVERSION = YES;
				CLANG_WARN_INFINITE_RECURSION = YES;
				CLANG_WARN_INT_CONVERSION = YES;
				CLANG_WARN_NON_LITERAL_NULL_CONVERSION = YES;
				CLANG_WARN_OBJC_IMPLICIT_RETAIN_SELF = YES;
				CLANG_WARN_OBJC_LITERAL_CONVERSION = YES;
				CLANG_WARN_OBJC_ROOT_CLASS = YES_ERROR;
				CLANG_WARN_QUOTED_INCLUDE_IN_FRAMEWORK_HEADER = YES;
				CLANG_WARN_RANGE_LOOP_ANALYSIS = YES;
				CLANG_WARN_STRICT_PROTOTYPES = YES;
				CLANG_WARN_SUSPICIOUS_MOVE = YES;
				CLANG_WARN_UNGUARDED_AVAILABILITY = YES_AGGRESSIVE;
				CLANG_WARN_UNREACHABLE_CODE = YES;
				CLANG_WARN__DUPLICATE_METHOD_MATCH = YES;
				COPY_PHASE_STRIP = NO;
				DEBUG_INFORMATION_FORMAT = dwarf;
				ENABLE_STRICT_OBJC_MSGSEND = YES;
				ENABLE_TESTABILITY = YES;
				GCC_C_LANGUAGE_STANDARD = gnu11;
				GCC_DYNAMIC_NO_PIC = NO;
				GCC_NO_COMMON_BLOCKS = YES;
				GCC_OPTIMIZATION_LEVEL = 0;
				GCC_PREPROCESSOR_DEFINITIONS = (
					"DEBUG=1",
					"$(inherited)",
				);
				GCC_WARN_64_TO_32_BIT_CONVERSION = YES;
				GCC_WARN_ABOUT_RETURN_TYPE = YES_ERROR;
				GCC_WARN_UNDECLARED_SELECTOR = YES;
				GCC_WARN_UNINITIALIZED_AUTOS = YES_AGGRESSIVE;
				GCC_WARN_UNUSED_FUNCTION = YES;
				GCC_WARN_UNUSED_VARIABLE = YES;
				IPHONEOS_DEPLOYMENT_TARGET = 15.2;
				MTL_ENABLE_DEBUG_INFO = INCLUDE_SOURCE;
				MTL_FAST_MATH = YES;
				ONLY_ACTIVE_ARCH = YES;
				SDKROOT = iphoneos;
				SWIFT_ACTIVE_COMPILATION_CONDITIONS = DEBUG;
				SWIFT_OPTIMIZATION_LEVEL = "-Onone";
			};
			name = Debug;
		};
		AB4A5A5C28A23BB7007ACD6C /* Release */ = {
			isa = XCBuildConfiguration;
			buildSettings = {
				ALWAYS_SEARCH_USER_PATHS = NO;
				CLANG_ANALYZER_NONNULL = YES;
				CLANG_ANALYZER_NUMBER_OBJECT_CONVERSION = YES_AGGRESSIVE;
				CLANG_CXX_LANGUAGE_STANDARD = "gnu++17";
				CLANG_CXX_LIBRARY = "libc++";
				CLANG_ENABLE_MODULES = YES;
				CLANG_ENABLE_OBJC_ARC = YES;
				CLANG_ENABLE_OBJC_WEAK = YES;
				CLANG_WARN_BLOCK_CAPTURE_AUTORELEASING = YES;
				CLANG_WARN_BOOL_CONVERSION = YES;
				CLANG_WARN_COMMA = YES;
				CLANG_WARN_CONSTANT_CONVERSION = YES;
				CLANG_WARN_DEPRECATED_OBJC_IMPLEMENTATIONS = YES;
				CLANG_WARN_DIRECT_OBJC_ISA_USAGE = YES_ERROR;
				CLANG_WARN_DOCUMENTATION_COMMENTS = YES;
				CLANG_WARN_EMPTY_BODY = YES;
				CLANG_WARN_ENUM_CONVERSION = YES;
				CLANG_WARN_INFINITE_RECURSION = YES;
				CLANG_WARN_INT_CONVERSION = YES;
				CLANG_WARN_NON_LITERAL_NULL_CONVERSION = YES;
				CLANG_WARN_OBJC_IMPLICIT_RETAIN_SELF = YES;
				CLANG_WARN_OBJC_LITERAL_CONVERSION = YES;
				CLANG_WARN_OBJC_ROOT_CLASS = YES_ERROR;
				CLANG_WARN_QUOTED_INCLUDE_IN_FRAMEWORK_HEADER = YES;
				CLANG_WARN_RANGE_LOOP_ANALYSIS = YES;
				CLANG_WARN_STRICT_PROTOTYPES = YES;
				CLANG_WARN_SUSPICIOUS_MOVE = YES;
				CLANG_WARN_UNGUARDED_AVAILABILITY = YES_AGGRESSIVE;
				CLANG_WARN_UNREACHABLE_CODE = YES;
				CLANG_WARN__DUPLICATE_METHOD_MATCH = YES;
				COPY_PHASE_STRIP = NO;
				DEBUG_INFORMATION_FORMAT = "dwarf-with-dsym";
				ENABLE_NS_ASSERTIONS = NO;
				ENABLE_STRICT_OBJC_MSGSEND = YES;
				GCC_C_LANGUAGE_STANDARD = gnu11;
				GCC_NO_COMMON_BLOCKS = YES;
				GCC_WARN_64_TO_32_BIT_CONVERSION = YES;
				GCC_WARN_ABOUT_RETURN_TYPE = YES_ERROR;
				GCC_WARN_UNDECLARED_SELECTOR = YES;
				GCC_WARN_UNINITIALIZED_AUTOS = YES_AGGRESSIVE;
				GCC_WARN_UNUSED_FUNCTION = YES;
				GCC_WARN_UNUSED_VARIABLE = YES;
				IPHONEOS_DEPLOYMENT_TARGET = 15.2;
				MTL_ENABLE_DEBUG_INFO = NO;
				MTL_FAST_MATH = YES;
				SDKROOT = iphoneos;
				SWIFT_COMPILATION_MODE = wholemodule;
				SWIFT_OPTIMIZATION_LEVEL = "-O";
				VALIDATE_PRODUCT = YES;
			};
			name = Release;
		};
		AB4A5A5E28A23BB7007ACD6C /* Debug */ = {
			isa = XCBuildConfiguration;
			buildSettings = {
				ASSETCATALOG_COMPILER_APPICON_NAME = AppIcon;
				ASSETCATALOG_COMPILER_GLOBAL_ACCENT_COLOR_NAME = AccentColor;
				CODE_SIGN_STYLE = Automatic;
				CURRENT_PROJECT_VERSION = 1;
				DEVELOPMENT_TEAM = 25DHV9W22P;
				GENERATE_INFOPLIST_FILE = YES;
				INFOPLIST_FILE = Recipe/Info.plist;
				INFOPLIST_KEY_UIApplicationSupportsIndirectInputEvents = YES;
				INFOPLIST_KEY_UILaunchStoryboardName = LaunchScreen;
				INFOPLIST_KEY_UISupportedInterfaceOrientations_iPad = "UIInterfaceOrientationPortrait UIInterfaceOrientationPortraitUpsideDown UIInterfaceOrientationLandscapeLeft UIInterfaceOrientationLandscapeRight";
				INFOPLIST_KEY_UISupportedInterfaceOrientations_iPhone = "UIInterfaceOrientationPortrait UIInterfaceOrientationLandscapeLeft UIInterfaceOrientationLandscapeRight";
				LD_RUNPATH_SEARCH_PATHS = (
					"$(inherited)",
					"@executable_path/Frameworks",
				);
				MARKETING_VERSION = 1.0;
				PRODUCT_BUNDLE_IDENTIFIER = com.tubayasa.Recipe;
				PRODUCT_NAME = "$(TARGET_NAME)";
				SWIFT_EMIT_LOC_STRINGS = YES;
				SWIFT_VERSION = 5.0;
				TARGETED_DEVICE_FAMILY = "1,2";
			};
			name = Debug;
		};
		AB4A5A5F28A23BB7007ACD6C /* Release */ = {
			isa = XCBuildConfiguration;
			buildSettings = {
				ASSETCATALOG_COMPILER_APPICON_NAME = AppIcon;
				ASSETCATALOG_COMPILER_GLOBAL_ACCENT_COLOR_NAME = AccentColor;
				CODE_SIGN_STYLE = Automatic;
				CURRENT_PROJECT_VERSION = 1;
				DEVELOPMENT_TEAM = 25DHV9W22P;
				GENERATE_INFOPLIST_FILE = YES;
				INFOPLIST_FILE = Recipe/Info.plist;
				INFOPLIST_KEY_UIApplicationSupportsIndirectInputEvents = YES;
				INFOPLIST_KEY_UILaunchStoryboardName = LaunchScreen;
				INFOPLIST_KEY_UISupportedInterfaceOrientations_iPad = "UIInterfaceOrientationPortrait UIInterfaceOrientationPortraitUpsideDown UIInterfaceOrientationLandscapeLeft UIInterfaceOrientationLandscapeRight";
				INFOPLIST_KEY_UISupportedInterfaceOrientations_iPhone = "UIInterfaceOrientationPortrait UIInterfaceOrientationLandscapeLeft UIInterfaceOrientationLandscapeRight";
				LD_RUNPATH_SEARCH_PATHS = (
					"$(inherited)",
					"@executable_path/Frameworks",
				);
				MARKETING_VERSION = 1.0;
				PRODUCT_BUNDLE_IDENTIFIER = com.tubayasa.Recipe;
				PRODUCT_NAME = "$(TARGET_NAME)";
				SWIFT_EMIT_LOC_STRINGS = YES;
				SWIFT_VERSION = 5.0;
				TARGETED_DEVICE_FAMILY = "1,2";
			};
			name = Release;
		};
/* End XCBuildConfiguration section */

/* Begin XCConfigurationList section */
		AB4A5A4428A23BB6007ACD6C /* Build configuration list for PBXProject "Recipe" */ = {
			isa = XCConfigurationList;
			buildConfigurations = (
				AB4A5A5B28A23BB7007ACD6C /* Debug */,
				AB4A5A5C28A23BB7007ACD6C /* Release */,
			);
			defaultConfigurationIsVisible = 0;
			defaultConfigurationName = Release;
		};
		AB4A5A5D28A23BB7007ACD6C /* Build configuration list for PBXNativeTarget "Recipe" */ = {
			isa = XCConfigurationList;
			buildConfigurations = (
				AB4A5A5E28A23BB7007ACD6C /* Debug */,
				AB4A5A5F28A23BB7007ACD6C /* Release */,
			);
			defaultConfigurationIsVisible = 0;
			defaultConfigurationName = Release;
		};
/* End XCConfigurationList section */
	};
	rootObject = AB4A5A4128A23BB6007ACD6C /* Project object */;
}
